
Microsoft Visual Studio Solution File, Format Version 12.00
# Visual Studio 15
VisualStudioVersion = 15.0.27130.2027
MinimumVisualStudioVersion = 10.0.40219.1
Project("{2150E333-8FDC-42A3-9474-1A3956D46DE8}") = "src", "src", "{23CBD131-C314-4733-90A1-322FEF46D5AC}"
EndProject
Project("{2150E333-8FDC-42A3-9474-1A3956D46DE8}") = "test", "test", "{EF673F6E-8F49-4CF5-BEF4-8DC67EF8EEF7}"
EndProject
Project("{9A19103F-16F7-4668-BE54-9A1E7A4F7556}") = "AdpterApi", "src\AdpterApi\AdpterApi.csproj", "{335EE542-F18B-4E18-AD13-2E6B14ECA021}"
EndProject
Project("{9A19103F-16F7-4668-BE54-9A1E7A4F7556}") = "Adapter.Api.Integration.Test", "test\Adapter.Api.Integration.Test\Adapter.Api.Integration.Test.csproj", "{9596C313-02C7-4A54-93C0-2A9BA2ACA105}"
EndProject
Project("{E53339B2-1760-4266-BCC7-CA923CBCF16C}") = "docker-compose", "docker-compose.dcproj", "{EAEFBF1F-C40D-4E60-98B6-6B6D6CD0E3FE}"
EndProject
Global
	GlobalSection(SolutionConfigurationPlatforms) = preSolution
		Debug|Any CPU = Debug|Any CPU
		Release|Any CPU = Release|Any CPU
	EndGlobalSection
	GlobalSection(ProjectConfigurationPlatforms) = postSolution
		{335EE542-F18B-4E18-AD13-2E6B14ECA021}.Debug|Any CPU.ActiveCfg = Debug|Any CPU
		{335EE542-F18B-4E18-AD13-2E6B14ECA021}.Debug|Any CPU.Build.0 = Debug|Any CPU
		{335EE542-F18B-4E18-AD13-2E6B14ECA021}.Release|Any CPU.ActiveCfg = Release|Any CPU
		{335EE542-F18B-4E18-AD13-2E6B14ECA021}.Release|Any CPU.Build.0 = Release|Any CPU
		{9596C313-02C7-4A54-93C0-2A9BA2ACA105}.Debug|Any CPU.ActiveCfg = Debug|Any CPU
		{9596C313-02C7-4A54-93C0-2A9BA2ACA105}.Debug|Any CPU.Build.0 = Debug|Any CPU
		{9596C313-02C7-4A54-93C0-2A9BA2ACA105}.Release|Any CPU.ActiveCfg = Release|Any CPU
		{9596C313-02C7-4A54-93C0-2A9BA2ACA105}.Release|Any CPU.Build.0 = Release|Any CPU
		{EAEFBF1F-C40D-4E60-98B6-6B6D6CD0E3FE}.Debug|Any CPU.ActiveCfg = Debug|Any CPU
		{EAEFBF1F-C40D-4E60-98B6-6B6D6CD0E3FE}.Debug|Any CPU.Build.0 = Debug|Any CPU
		{EAEFBF1F-C40D-4E60-98B6-6B6D6CD0E3FE}.Release|Any CPU.ActiveCfg = Release|Any CPU
		{EAEFBF1F-C40D-4E60-98B6-6B6D6CD0E3FE}.Release|Any CPU.Build.0 = Release|Any CPU
	EndGlobalSection
	GlobalSection(SolutionProperties) = preSolution
		HideSolutionNode = FALSE
	EndGlobalSection
	GlobalSection(NestedProjects) = preSolution
		{335EE542-F18B-4E18-AD13-2E6B14ECA021} = {23CBD131-C314-4733-90A1-322FEF46D5AC}
		{9596C313-02C7-4A54-93C0-2A9BA2ACA105} = {EF673F6E-8F49-4CF5-BEF4-8DC67EF8EEF7}
	EndGlobalSection
	GlobalSection(ExtensibilityGlobals) = postSolution
		SolutionGuid = {D7918BAC-DD9D-46E2-8296-A356B903EC0F}
	EndGlobalSection
EndGlobal
